
Microsoft Visual Studio Solution File, Format Version 12.00
# Visual Studio Version 16
VisualStudioVersion = 16.0.31005.135
MinimumVisualStudioVersion = 10.0.40219.1
Project("{FAE04EC0-301F-11D3-BF4B-00C04F79EFBC}") = "MyDictionaryDemo", "MyDictionaryDemo.csproj", "{2B78E05C-4E2A-4422-90C0-86248F01D508}"
EndProject
Global
	GlobalSection(SolutionConfigurationPlatforms) = preSolution
		Debug|Any CPU = Debug|Any CPU
		Release|Any CPU = Release|Any CPU
	EndGlobalSection
	GlobalSection(ProjectConfigurationPlatforms) = postSolution
		{2B78E05C-4E2A-4422-90C0-86248F01D508}.Debug|Any CPU.ActiveCfg = Debug|Any CPU
		{2B78E05C-4E2A-4422-90C0-86248F01D508}.Debug|Any CPU.Build.0 = Debug|Any CPU
		{2B78E05C-4E2A-4422-90C0-86248F01D508}.Release|Any CPU.ActiveCfg = Release|Any CPU
		{2B78E05C-4E2A-4422-90C0-86248F01D508}.Release|Any CPU.Build.0 = Release|Any CPU
	EndGlobalSection
	GlobalSection(SolutionProperties) = preSolution
		HideSolutionNode = FALSE
	EndGlobalSection
	GlobalSection(ExtensibilityGlobals) = postSolution
		SolutionGuid = {CE530083-D402-411C-9E53-1EFA1ECDCEE2}
	EndGlobalSection
EndGlobal
